
Microsoft Visual Studio Solution File, Format Version 12.00
# Visual Studio Version 17
VisualStudioVersion = 17.10.35013.160
MinimumVisualStudioVersion = 10.0.40219.1
Project("{9A19103F-16F7-4668-BE54-9A1E7A4F7556}") = "GeminiAPI", "GeminiAPI\GeminiAPI.csproj", "{1D6A3FC6-6E71-4597-981F-22A75F9D6B13}"
EndProject
Project("{FAE04EC0-301F-11D3-BF4B-00C04F79EFBC}") = "Examples", "Examples\Examples.csproj", "{7747AC04-6F8B-4A0E-AE1D-3B5F260EBF9E}"
EndProject
Global
	GlobalSection(SolutionConfigurationPlatforms) = preSolution
		Debug|Any CPU = Debug|Any CPU
		Release|Any CPU = Release|Any CPU
	EndGlobalSection
	GlobalSection(ProjectConfigurationPlatforms) = postSolution
		{1D6A3FC6-6E71-4597-981F-22A75F9D6B13}.Debug|Any CPU.ActiveCfg = Debug|Any CPU
		{1D6A3FC6-6E71-4597-981F-22A75F9D6B13}.Debug|Any CPU.Build.0 = Debug|Any CPU
		{1D6A3FC6-6E71-4597-981F-22A75F9D6B13}.Release|Any CPU.ActiveCfg = Release|Any CPU
		{1D6A3FC6-6E71-4597-981F-22A75F9D6B13}.Release|Any CPU.Build.0 = Release|Any CPU
		{7747AC04-6F8B-4A0E-AE1D-3B5F260EBF9E}.Debug|Any CPU.ActiveCfg = Debug|Any CPU
		{7747AC04-6F8B-4A0E-AE1D-3B5F260EBF9E}.Debug|Any CPU.Build.0 = Debug|Any CPU
		{7747AC04-6F8B-4A0E-AE1D-3B5F260EBF9E}.Release|Any CPU.ActiveCfg = Release|Any CPU
		{7747AC04-6F8B-4A0E-AE1D-3B5F260EBF9E}.Release|Any CPU.Build.0 = Release|Any CPU
	EndGlobalSection
	GlobalSection(SolutionProperties) = preSolution
		HideSolutionNode = FALSE
	EndGlobalSection
	GlobalSection(ExtensibilityGlobals) = postSolution
		SolutionGuid = {748A41EF-A42E-422C-BC1B-11F2F637097B}
	EndGlobalSection
EndGlobal
